// !$*UTF8*$!
{
	archiveVersion = 1;
	classes = {
	};
	objectVersion = 46;
	objects = {

/* Begin PBXBuildFile section */
		258F25691B91FCD600EA531F /* SingleClass.m in Sources */ = {isa = PBXBuildFile; fileRef = 258F25681B91FCD600EA531F /* SingleClass.m */; };
		DE134DC31BA4295A00822751 /* AFHTTPRequestOperation.m in Sources */ = {isa = PBXBuildFile; fileRef = DE134D9F1BA4295A00822751 /* AFHTTPRequestOperation.m */; };
		DE134DC41BA4295A00822751 /* AFHTTPRequestOperationManager.m in Sources */ = {isa = PBXBuildFile; fileRef = DE134DA11BA4295A00822751 /* AFHTTPRequestOperationManager.m */; };
		DE134DC51BA4295A00822751 /* AFHTTPSessionManager.m in Sources */ = {isa = PBXBuildFile; fileRef = DE134DA31BA4295A00822751 /* AFHTTPSessionManager.m */; };
		DE134DC61BA4295A00822751 /* AFNetworkReachabilityManager.m in Sources */ = {isa = PBXBuildFile; fileRef = DE134DA61BA4295A00822751 /* AFNetworkReachabilityManager.m */; };
		DE134DC71BA4295A00822751 /* AFSecurityPolicy.m in Sources */ = {isa = PBXBuildFile; fileRef = DE134DA81BA4295A00822751 /* AFSecurityPolicy.m */; };
		DE134DC81BA4295A00822751 /* AFURLConnectionOperation.m in Sources */ = {isa = PBXBuildFile; fileRef = DE134DAA1BA4295A00822751 /* AFURLConnectionOperation.m */; };
		DE134DC91BA4295A00822751 /* AFURLRequestSerialization.m in Sources */ = {isa = PBXBuildFile; fileRef = DE134DAC1BA4295A00822751 /* AFURLRequestSerialization.m */; };
		DE134DCA1BA4295A00822751 /* AFURLResponseSerialization.m in Sources */ = {isa = PBXBuildFile; fileRef = DE134DAE1BA4295A00822751 /* AFURLResponseSerialization.m */; };
		DE134DCB1BA4295A00822751 /* AFURLSessionManager.m in Sources */ = {isa = PBXBuildFile; fileRef = DE134DB01BA4295A00822751 /* AFURLSessionManager.m */; };
		DE134DCC1BA4295A00822751 /* AFNetworkActivityIndicatorManager.m in Sources */ = {isa = PBXBuildFile; fileRef = DE134DB31BA4295A00822751 /* AFNetworkActivityIndicatorManager.m */; };
		DE134DCD1BA4295A00822751 /* UIActivityIndicatorView+AFNetworking.m in Sources */ = {isa = PBXBuildFile; fileRef = DE134DB51BA4295A00822751 /* UIActivityIndicatorView+AFNetworking.m */; };
		DE134DCE1BA4295A00822751 /* UIAlertView+AFNetworking.m in Sources */ = {isa = PBXBuildFile; fileRef = DE134DB71BA4295A00822751 /* UIAlertView+AFNetworking.m */; };
		DE134DCF1BA4295A00822751 /* UIButton+AFNetworking.m in Sources */ = {isa = PBXBuildFile; fileRef = DE134DB91BA4295A00822751 /* UIButton+AFNetworking.m */; };
		DE134DD01BA4295A00822751 /* UIImageView+AFNetworking.m in Sources */ = {isa = PBXBuildFile; fileRef = DE134DBB1BA4295A00822751 /* UIImageView+AFNetworking.m */; };
		DE134DD11BA4295A00822751 /* UIProgressView+AFNetworking.m in Sources */ = {isa = PBXBuildFile; fileRef = DE134DBE1BA4295A00822751 /* UIProgressView+AFNetworking.m */; };
		DE134DD21BA4295A00822751 /* UIRefreshControl+AFNetworking.m in Sources */ = {isa = PBXBuildFile; fileRef = DE134DC01BA4295A00822751 /* UIRefreshControl+AFNetworking.m */; };
		DE134DD31BA4295A00822751 /* UIWebView+AFNetworking.m in Sources */ = {isa = PBXBuildFile; fileRef = DE134DC21BA4295A00822751 /* UIWebView+AFNetworking.m */; };
		DE134DD71BA4296900822751 /* HexColors.m in Sources */ = {isa = PBXBuildFile; fileRef = DE134DD61BA4296900822751 /* HexColors.m */; };
		DE134DDB1BA56C5E00822751 /* LifeCycleOfViewController.m in Sources */ = {isa = PBXBuildFile; fileRef = DE134DDA1BA56C5E00822751 /* LifeCycleOfViewController.m */; };
		DE134DE51BA90FCA00822751 /* HeadViewController.m in Sources */ = {isa = PBXBuildFile; fileRef = DE134DE41BA90FCA00822751 /* HeadViewController.m */; };
		DE5625F91C0DFAA3009DB0EB /* runtimeDemoViewController.m in Sources */ = {isa = PBXBuildFile; fileRef = DE5625F81C0DFAA3009DB0EB /* runtimeDemoViewController.m */; settings = {ASSET_TAGS = (); }; };
		DE6F48251B85BBA90073C9DF /* DatepickerViewController.m in Sources */ = {isa = PBXBuildFile; fileRef = DE6F48241B85BBA90073C9DF /* DatepickerViewController.m */; };
		DE6F48281B8CBF650073C9DF /* PassValueViewController.m in Sources */ = {isa = PBXBuildFile; fileRef = DE6F48271B8CBF650073C9DF /* PassValueViewController.m */; };
		DE6F482B1B8DB8550073C9DF /* GCDViewController.m in Sources */ = {isa = PBXBuildFile; fileRef = DE6F482A1B8DB8550073C9DF /* GCDViewController.m */; };
		DE86D78E1B9D75160016C36B /* CustomView.xib in Resources */ = {isa = PBXBuildFile; fileRef = DE86D78D1B9D75160016C36B /* CustomView.xib */; };
		DE8C6B8E1B9401640011DF6B /* MainViewController.m in Sources */ = {isa = PBXBuildFile; fileRef = DE8C6B8D1B9401640011DF6B /* MainViewController.m */; };
		DEE67C681B7CDAB300F93DA7 /* StartUIView.m in Sources */ = {isa = PBXBuildFile; fileRef = DEE67C671B7CDAB300F93DA7 /* StartUIView.m */; };
		DEE67C731B81C3CC00F93DA7 /* PictureViewController.m in Sources */ = {isa = PBXBuildFile; fileRef = DEE67C721B81C3CC00F93DA7 /* PictureViewController.m */; };
		DEE67C961B81D1FA00F93DA7 /* MKAnnotationView+WebCache.m in Sources */ = {isa = PBXBuildFile; fileRef = DEE67C761B81D1FA00F93DA7 /* MKAnnotationView+WebCache.m */; };
		DEE67C971B81D1FA00F93DA7 /* NSData+ImageContentType.m in Sources */ = {isa = PBXBuildFile; fileRef = DEE67C781B81D1FA00F93DA7 /* NSData+ImageContentType.m */; };
		DEE67C981B81D1FA00F93DA7 /* SDImageCache.m in Sources */ = {isa = PBXBuildFile; fileRef = DEE67C7A1B81D1FA00F93DA7 /* SDImageCache.m */; };
		DEE67C991B81D1FA00F93DA7 /* SDWebImageCompat.m in Sources */ = {isa = PBXBuildFile; fileRef = DEE67C7C1B81D1FA00F93DA7 /* SDWebImageCompat.m */; };
		DEE67C9A1B81D1FA00F93DA7 /* SDWebImageDecoder.m in Sources */ = {isa = PBXBuildFile; fileRef = DEE67C7E1B81D1FA00F93DA7 /* SDWebImageDecoder.m */; };
		DEE67C9B1B81D1FA00F93DA7 /* SDWebImageDownloader.m in Sources */ = {isa = PBXBuildFile; fileRef = DEE67C801B81D1FA00F93DA7 /* SDWebImageDownloader.m */; };
		DEE67C9C1B81D1FA00F93DA7 /* SDWebImageDownloaderOperation.m in Sources */ = {isa = PBXBuildFile; fileRef = DEE67C821B81D1FA00F93DA7 /* SDWebImageDownloaderOperation.m */; };
		DEE67C9D1B81D1FA00F93DA7 /* SDWebImageManager.m in Sources */ = {isa = PBXBuildFile; fileRef = DEE67C841B81D1FA00F93DA7 /* SDWebImageManager.m */; };
		DEE67C9E1B81D1FA00F93DA7 /* SDWebImagePrefetcher.m in Sources */ = {isa = PBXBuildFile; fileRef = DEE67C871B81D1FA00F93DA7 /* SDWebImagePrefetcher.m */; };
		DEE67C9F1B81D1FA00F93DA7 /* UIButton+WebCache.m in Sources */ = {isa = PBXBuildFile; fileRef = DEE67C891B81D1FA00F93DA7 /* UIButton+WebCache.m */; };
		DEE67CA01B81D1FA00F93DA7 /* UIImage+GIF.m in Sources */ = {isa = PBXBuildFile; fileRef = DEE67C8B1B81D1FA00F93DA7 /* UIImage+GIF.m */; };
		DEE67CA11B81D1FA00F93DA7 /* UIImage+MultiFormat.m in Sources */ = {isa = PBXBuildFile; fileRef = DEE67C8D1B81D1FA00F93DA7 /* UIImage+MultiFormat.m */; };
		DEE67CA21B81D1FA00F93DA7 /* UIImage+WebP.m in Sources */ = {isa = PBXBuildFile; fileRef = DEE67C8F1B81D1FA00F93DA7 /* UIImage+WebP.m */; };
		DEE67CA31B81D1FA00F93DA7 /* UIImageView+HighlightedWebCache.m in Sources */ = {isa = PBXBuildFile; fileRef = DEE67C911B81D1FA00F93DA7 /* UIImageView+HighlightedWebCache.m */; };
		DEE67CA41B81D1FA00F93DA7 /* UIImageView+WebCache.m in Sources */ = {isa = PBXBuildFile; fileRef = DEE67C931B81D1FA00F93DA7 /* UIImageView+WebCache.m */; };
		DEE67CA51B81D1FA00F93DA7 /* UIView+WebCacheOperation.m in Sources */ = {isa = PBXBuildFile; fileRef = DEE67C951B81D1FA00F93DA7 /* UIView+WebCacheOperation.m */; };
		DEE67CA81B81DC5900F93DA7 /* SudokuViewController.m in Sources */ = {isa = PBXBuildFile; fileRef = DEE67CA71B81DC5900F93DA7 /* SudokuViewController.m */; };
		DEE67CAB1B830F1800F93DA7 /* UIScrollViewController.m in Sources */ = {isa = PBXBuildFile; fileRef = DEE67CAA1B830F1800F93DA7 /* UIScrollViewController.m */; };
		DEE6D8811B78E0B3002129F7 /* main.m in Sources */ = {isa = PBXBuildFile; fileRef = DEE6D8801B78E0B3002129F7 /* main.m */; };
		DEE6D8841B78E0B3002129F7 /* AppDelegate.m in Sources */ = {isa = PBXBuildFile; fileRef = DEE6D8831B78E0B3002129F7 /* AppDelegate.m */; };
		DEE6D8871B78E0B3002129F7 /* ViewController.m in Sources */ = {isa = PBXBuildFile; fileRef = DEE6D8861B78E0B3002129F7 /* ViewController.m */; };
		DEE6D88A1B78E0B3002129F7 /* Main.storyboard in Resources */ = {isa = PBXBuildFile; fileRef = DEE6D8881B78E0B3002129F7 /* Main.storyboard */; };
		DEE6D88C1B78E0B3002129F7 /* Images.xcassets in Resources */ = {isa = PBXBuildFile; fileRef = DEE6D88B1B78E0B3002129F7 /* Images.xcassets */; };
		DEE6D88F1B78E0B3002129F7 /* LaunchScreen.xib in Resources */ = {isa = PBXBuildFile; fileRef = DEE6D88D1B78E0B3002129F7 /* LaunchScreen.xib */; };
		DEE6D89B1B78E0B4002129F7 /* TestDemoTests.m in Sources */ = {isa = PBXBuildFile; fileRef = DEE6D89A1B78E0B4002129F7 /* TestDemoTests.m */; };
		DEFB855E1BCF57CB007A4677 /* CustomNav.m in Sources */ = {isa = PBXBuildFile; fileRef = DEFB855D1BCF57CB007A4677 /* CustomNav.m */; settings = {ASSET_TAGS = (); }; };
/* End PBXBuildFile section */

/* Begin PBXContainerItemProxy section */
		DEE6D8951B78E0B4002129F7 /* PBXContainerItemProxy */ = {
			isa = PBXContainerItemProxy;
			containerPortal = DEE6D8731B78E0B3002129F7 /* Project object */;
			proxyType = 1;
			remoteGlobalIDString = DEE6D87A1B78E0B3002129F7;
			remoteInfo = TestDemo;
		};
/* End PBXContainerItemProxy section */

/* Begin PBXFileReference section */
		258F25671B91FCD600EA531F /* SingleClass.h */ = {isa = PBXFileReference; fileEncoding = 4; lastKnownFileType = sourcecode.c.h; path = SingleClass.h; sourceTree = "<group>"; };
		258F25681B91FCD600EA531F /* SingleClass.m */ = {isa = PBXFileReference; fileEncoding = 4; lastKnownFileType = sourcecode.c.objc; path = SingleClass.m; sourceTree = "<group>"; };
		DE134D9E1BA4295A00822751 /* AFHTTPRequestOperation.h */ = {isa = PBXFileReference; fileEncoding = 4; lastKnownFileType = sourcecode.c.h; path = AFHTTPRequestOperation.h; sourceTree = "<group>"; };
		DE134D9F1BA4295A00822751 /* AFHTTPRequestOperation.m */ = {isa = PBXFileReference; fileEncoding = 4; lastKnownFileType = sourcecode.c.objc; path = AFHTTPRequestOperation.m; sourceTree = "<group>"; };
		DE134DA01BA4295A00822751 /* AFHTTPRequestOperationManager.h */ = {isa = PBXFileReference; fileEncoding = 4; lastKnownFileType = sourcecode.c.h; path = AFHTTPRequestOperationManager.h; sourceTree = "<group>"; };
		DE134DA11BA4295A00822751 /* AFHTTPRequestOperationManager.m */ = {isa = PBXFileReference; fileEncoding = 4; lastKnownFileType = sourcecode.c.objc; path = AFHTTPRequestOperationManager.m; sourceTree = "<group>"; };
		DE134DA21BA4295A00822751 /* AFHTTPSessionManager.h */ = {isa = PBXFileReference; fileEncoding = 4; lastKnownFileType = sourcecode.c.h; path = AFHTTPSessionManager.h; sourceTree = "<group>"; };
		DE134DA31BA4295A00822751 /* AFHTTPSessionManager.m */ = {isa = PBXFileReference; fileEncoding = 4; lastKnownFileType = sourcecode.c.objc; path = AFHTTPSessionManager.m; sourceTree = "<group>"; };
		DE134DA41BA4295A00822751 /* AFNetworking.h */ = {isa = PBXFileReference; fileEncoding = 4; lastKnownFileType = sourcecode.c.h; path = AFNetworking.h; sourceTree = "<group>"; };
		DE134DA51BA4295A00822751 /* AFNetworkReachabilityManager.h */ = {isa = PBXFileReference; fileEncoding = 4; lastKnownFileType = sourcecode.c.h; path = AFNetworkReachabilityManager.h; sourceTree = "<group>"; };
		DE134DA61BA4295A00822751 /* AFNetworkReachabilityManager.m */ = {isa = PBXFileReference; fileEncoding = 4; lastKnownFileType = sourcecode.c.objc; path = AFNetworkReachabilityManager.m; sourceTree = "<group>"; };
		DE134DA71BA4295A00822751 /* AFSecurityPolicy.h */ = {isa = PBXFileReference; fileEncoding = 4; lastKnownFileType = sourcecode.c.h; path = AFSecurityPolicy.h; sourceTree = "<group>"; };
		DE134DA81BA4295A00822751 /* AFSecurityPolicy.m */ = {isa = PBXFileReference; fileEncoding = 4; lastKnownFileType = sourcecode.c.objc; path = AFSecurityPolicy.m; sourceTree = "<group>"; };
		DE134DA91BA4295A00822751 /* AFURLConnectionOperation.h */ = {isa = PBXFileReference; fileEncoding = 4; lastKnownFileType = sourcecode.c.h; path = AFURLConnectionOperation.h; sourceTree = "<group>"; };
		DE134DAA1BA4295A00822751 /* AFURLConnectionOperation.m */ = {isa = PBXFileReference; fileEncoding = 4; lastKnownFileType = sourcecode.c.objc; path = AFURLConnectionOperation.m; sourceTree = "<group>"; };
		DE134DAB1BA4295A00822751 /* AFURLRequestSerialization.h */ = {isa = PBXFileReference; fileEncoding = 4; lastKnownFileType = sourcecode.c.h; path = AFURLRequestSerialization.h; sourceTree = "<group>"; };
		DE134DAC1BA4295A00822751 /* AFURLRequestSerialization.m */ = {isa = PBXFileReference; fileEncoding = 4; lastKnownFileType = sourcecode.c.objc; path = AFURLRequestSerialization.m; sourceTree = "<group>"; };
		DE134DAD1BA4295A00822751 /* AFURLResponseSerialization.h */ = {isa = PBXFileReference; fileEncoding = 4; lastKnownFileType = sourcecode.c.h; path = AFURLResponseSerialization.h; sourceTree = "<group>"; };
		DE134DAE1BA4295A00822751 /* AFURLResponseSerialization.m */ = {isa = PBXFileReference; fileEncoding = 4; lastKnownFileType = sourcecode.c.objc; path = AFURLResponseSerialization.m; sourceTree = "<group>"; };
		DE134DAF1BA4295A00822751 /* AFURLSessionManager.h */ = {isa = PBXFileReference; fileEncoding = 4; lastKnownFileType = sourcecode.c.h; path = AFURLSessionManager.h; sourceTree = "<group>"; };
		DE134DB01BA4295A00822751 /* AFURLSessionManager.m */ = {isa = PBXFileReference; fileEncoding = 4; lastKnownFileType = sourcecode.c.objc; path = AFURLSessionManager.m; sourceTree = "<group>"; };
		DE134DB21BA4295A00822751 /* AFNetworkActivityIndicatorManager.h */ = {isa = PBXFileReference; fileEncoding = 4; lastKnownFileType = sourcecode.c.h; path = AFNetworkActivityIndicatorManager.h; sourceTree = "<group>"; };
		DE134DB31BA4295A00822751 /* AFNetworkActivityIndicatorManager.m */ = {isa = PBXFileReference; fileEncoding = 4; lastKnownFileType = sourcecode.c.objc; path = AFNetworkActivityIndicatorManager.m; sourceTree = "<group>"; };
		DE134DB41BA4295A00822751 /* UIActivityIndicatorView+AFNetworking.h */ = {isa = PBXFileReference; fileEncoding = 4; lastKnownFileType = sourcecode.c.h; path = "UIActivityIndicatorView+AFNetworking.h"; sourceTree = "<group>"; };
		DE134DB51BA4295A00822751 /* UIActivityIndicatorView+AFNetworking.m */ = {isa = PBXFileReference; fileEncoding = 4; lastKnownFileType = sourcecode.c.objc; path = "UIActivityIndicatorView+AFNetworking.m"; sourceTree = "<group>"; };
		DE134DB61BA4295A00822751 /* UIAlertView+AFNetworking.h */ = {isa = PBXFileReference; fileEncoding = 4; lastKnownFileType = sourcecode.c.h; path = "UIAlertView+AFNetworking.h"; sourceTree = "<group>"; };
		DE134DB71BA4295A00822751 /* UIAlertView+AFNetworking.m */ = {isa = PBXFileReference; fileEncoding = 4; lastKnownFileType = sourcecode.c.objc; path = "UIAlertView+AFNetworking.m"; sourceTree = "<group>"; };
		DE134DB81BA4295A00822751 /* UIButton+AFNetworking.h */ = {isa = PBXFileReference; fileEncoding = 4; lastKnownFileType = sourcecode.c.h; path = "UIButton+AFNetworking.h"; sourceTree = "<group>"; };
		DE134DB91BA4295A00822751 /* UIButton+AFNetworking.m */ = {isa = PBXFileReference; fileEncoding = 4; lastKnownFileType = sourcecode.c.objc; path = "UIButton+AFNetworking.m"; sourceTree = "<group>"; };
		DE134DBA1BA4295A00822751 /* UIImageView+AFNetworking.h */ = {isa = PBXFileReference; fileEncoding = 4; lastKnownFileType = sourcecode.c.h; path = "UIImageView+AFNetworking.h"; sourceTree = "<group>"; };
		DE134DBB1BA4295A00822751 /* UIImageView+AFNetworking.m */ = {isa = PBXFileReference; fileEncoding = 4; lastKnownFileType = sourcecode.c.objc; path = "UIImageView+AFNetworking.m"; sourceTree = "<group>"; };
		DE134DBC1BA4295A00822751 /* UIKit+AFNetworking.h */ = {isa = PBXFileReference; fileEncoding = 4; lastKnownFileType = sourcecode.c.h; path = "UIKit+AFNetworking.h"; sourceTree = "<group>"; };
		DE134DBD1BA4295A00822751 /* UIProgressView+AFNetworking.h */ = {isa = PBXFileReference; fileEncoding = 4; lastKnownFileType = sourcecode.c.h; path = "UIProgressView+AFNetworking.h"; sourceTree = "<group>"; };
		DE134DBE1BA4295A00822751 /* UIProgressView+AFNetworking.m */ = {isa = PBXFileReference; fileEncoding = 4; lastKnownFileType = sourcecode.c.objc; path = "UIProgressView+AFNetworking.m"; sourceTree = "<group>"; };
		DE134DBF1BA4295A00822751 /* UIRefreshControl+AFNetworking.h */ = {isa = PBXFileReference; fileEncoding = 4; lastKnownFileType = sourcecode.c.h; path = "UIRefreshControl+AFNetworking.h"; sourceTree = "<group>"; };
		DE134DC01BA4295A00822751 /* UIRefreshControl+AFNetworking.m */ = {isa = PBXFileReference; fileEncoding = 4; lastKnownFileType = sourcecode.c.objc; path = "UIRefreshControl+AFNetworking.m"; sourceTree = "<group>"; };
		DE134DC11BA4295A00822751 /* UIWebView+AFNetworking.h */ = {isa = PBXFileReference; fileEncoding = 4; lastKnownFileType = sourcecode.c.h; path = "UIWebView+AFNetworking.h"; sourceTree = "<group>"; };
		DE134DC21BA4295A00822751 /* UIWebView+AFNetworking.m */ = {isa = PBXFileReference; fileEncoding = 4; lastKnownFileType = sourcecode.c.objc; path = "UIWebView+AFNetworking.m"; sourceTree = "<group>"; };
		DE134DD51BA4296900822751 /* HexColors.h */ = {isa = PBXFileReference; fileEncoding = 4; lastKnownFileType = sourcecode.c.h; path = HexColors.h; sourceTree = "<group>"; };
		DE134DD61BA4296900822751 /* HexColors.m */ = {isa = PBXFileReference; fileEncoding = 4; lastKnownFileType = sourcecode.c.objc; path = HexColors.m; sourceTree = "<group>"; };
		DE134DD91BA56C5E00822751 /* LifeCycleOfViewController.h */ = {isa = PBXFileReference; fileEncoding = 4; lastKnownFileType = sourcecode.c.h; path = LifeCycleOfViewController.h; sourceTree = "<group>"; };
		DE134DDA1BA56C5E00822751 /* LifeCycleOfViewController.m */ = {isa = PBXFileReference; fileEncoding = 4; lastKnownFileType = sourcecode.c.objc; path = LifeCycleOfViewController.m; sourceTree = "<group>"; };
		DE134DE31BA90FCA00822751 /* HeadViewController.h */ = {isa = PBXFileReference; fileEncoding = 4; lastKnownFileType = sourcecode.c.h; path = HeadViewController.h; sourceTree = "<group>"; };
		DE134DE41BA90FCA00822751 /* HeadViewController.m */ = {isa = PBXFileReference; fileEncoding = 4; lastKnownFileType = sourcecode.c.objc; path = HeadViewController.m; sourceTree = "<group>"; };
		DE5625F71C0DFAA3009DB0EB /* runtimeDemoViewController.h */ = {isa = PBXFileReference; fileEncoding = 4; lastKnownFileType = sourcecode.c.h; path = runtimeDemoViewController.h; sourceTree = "<group>"; };
		DE5625F81C0DFAA3009DB0EB /* runtimeDemoViewController.m */ = {isa = PBXFileReference; fileEncoding = 4; lastKnownFileType = sourcecode.c.objc; path = runtimeDemoViewController.m; sourceTree = "<group>"; };
		DE6F48231B85BBA90073C9DF /* DatepickerViewController.h */ = {isa = PBXFileReference; fileEncoding = 4; lastKnownFileType = sourcecode.c.h; path = DatepickerViewController.h; sourceTree = "<group>"; };
		DE6F48241B85BBA90073C9DF /* DatepickerViewController.m */ = {isa = PBXFileReference; fileEncoding = 4; lastKnownFileType = sourcecode.c.objc; path = DatepickerViewController.m; sourceTree = "<group>"; };
		DE6F48261B8CBF650073C9DF /* PassValueViewController.h */ = {isa = PBXFileReference; fileEncoding = 4; lastKnownFileType = sourcecode.c.h; path = PassValueViewController.h; sourceTree = "<group>"; };
		DE6F48271B8CBF650073C9DF /* PassValueViewController.m */ = {isa = PBXFileReference; fileEncoding = 4; lastKnownFileType = sourcecode.c.objc; path = PassValueViewController.m; sourceTree = "<group>"; };
		DE6F48291B8DB8550073C9DF /* GCDViewController.h */ = {isa = PBXFileReference; fileEncoding = 4; lastKnownFileType = sourcecode.c.h; path = GCDViewController.h; sourceTree = "<group>"; };
		DE6F482A1B8DB8550073C9DF /* GCDViewController.m */ = {isa = PBXFileReference; fileEncoding = 4; lastKnownFileType = sourcecode.c.objc; path = GCDViewController.m; sourceTree = "<group>"; };
		DE86D78D1B9D75160016C36B /* CustomView.xib */ = {isa = PBXFileReference; fileEncoding = 4; lastKnownFileType = file.xib; path = CustomView.xib; sourceTree = "<group>"; };
		DE8C6B8C1B9401640011DF6B /* MainViewController.h */ = {isa = PBXFileReference; fileEncoding = 4; lastKnownFileType = sourcecode.c.h; path = MainViewController.h; sourceTree = "<group>"; };
		DE8C6B8D1B9401640011DF6B /* MainViewController.m */ = {isa = PBXFileReference; fileEncoding = 4; lastKnownFileType = sourcecode.c.objc; path = MainViewController.m; sourceTree = "<group>"; };
		DEE67C661B7CDAB300F93DA7 /* StartUIView.h */ = {isa = PBXFileReference; fileEncoding = 4; lastKnownFileType = sourcecode.c.h; path = StartUIView.h; sourceTree = "<group>"; };
		DEE67C671B7CDAB300F93DA7 /* StartUIView.m */ = {isa = PBXFileReference; fileEncoding = 4; lastKnownFileType = sourcecode.c.objc; path = StartUIView.m; sourceTree = "<group>"; };
		DEE67C711B81C3CC00F93DA7 /* PictureViewController.h */ = {isa = PBXFileReference; fileEncoding = 4; lastKnownFileType = sourcecode.c.h; path = PictureViewController.h; sourceTree = "<group>"; };
		DEE67C721B81C3CC00F93DA7 /* PictureViewController.m */ = {isa = PBXFileReference; fileEncoding = 4; lastKnownFileType = sourcecode.c.objc; path = PictureViewController.m; sourceTree = "<group>"; };
		DEE67C751B81D1FA00F93DA7 /* MKAnnotationView+WebCache.h */ = {isa = PBXFileReference; fileEncoding = 4; lastKnownFileType = sourcecode.c.h; path = "MKAnnotationView+WebCache.h"; sourceTree = "<group>"; };
		DEE67C761B81D1FA00F93DA7 /* MKAnnotationView+WebCache.m */ = {isa = PBXFileReference; fileEncoding = 4; lastKnownFileType = sourcecode.c.objc; path = "MKAnnotationView+WebCache.m"; sourceTree = "<group>"; };
		DEE67C771B81D1FA00F93DA7 /* NSData+ImageContentType.h */ = {isa = PBXFileReference; fileEncoding = 4; lastKnownFileType = sourcecode.c.h; path = "NSData+ImageContentType.h"; sourceTree = "<group>"; };
		DEE67C781B81D1FA00F93DA7 /* NSData+ImageContentType.m */ = {isa = PBXFileReference; fileEncoding = 4; lastKnownFileType = sourcecode.c.objc; path = "NSData+ImageContentType.m"; sourceTree = "<group>"; };
		DEE67C791B81D1FA00F93DA7 /* SDImageCache.h */ = {isa = PBXFileReference; fileEncoding = 4; lastKnownFileType = sourcecode.c.h; path = SDImageCache.h; sourceTree = "<group>"; };
		DEE67C7A1B81D1FA00F93DA7 /* SDImageCache.m */ = {isa = PBXFileReference; fileEncoding = 4; lastKnownFileType = sourcecode.c.objc; path = SDImageCache.m; sourceTree = "<group>"; };
		DEE67C7B1B81D1FA00F93DA7 /* SDWebImageCompat.h */ = {isa = PBXFileReference; fileEncoding = 4; lastKnownFileType = sourcecode.c.h; path = SDWebImageCompat.h; sourceTree = "<group>"; };
		DEE67C7C1B81D1FA00F93DA7 /* SDWebImageCompat.m */ = {isa = PBXFileReference; fileEncoding = 4; lastKnownFileType = sourcecode.c.objc; path = SDWebImageCompat.m; sourceTree = "<group>"; };
		DEE67C7D1B81D1FA00F93DA7 /* SDWebImageDecoder.h */ = {isa = PBXFileReference; fileEncoding = 4; lastKnownFileType = sourcecode.c.h; path = SDWebImageDecoder.h; sourceTree = "<group>"; };
		DEE67C7E1B81D1FA00F93DA7 /* SDWebImageDecoder.m */ = {isa = PBXFileReference; fileEncoding = 4; lastKnownFileType = sourcecode.c.objc; path = SDWebImageDecoder.m; sourceTree = "<group>"; };
		DEE67C7F1B81D1FA00F93DA7 /* SDWebImageDownloader.h */ = {isa = PBXFileReference; fileEncoding = 4; lastKnownFileType = sourcecode.c.h; path = SDWebImageDownloader.h; sourceTree = "<group>"; };
		DEE67C801B81D1FA00F93DA7 /* SDWebImageDownloader.m */ = {isa = PBXFileReference; fileEncoding = 4; lastKnownFileType = sourcecode.c.objc; path = SDWebImageDownloader.m; sourceTree = "<group>"; };
		DEE67C811B81D1FA00F93DA7 /* SDWebImageDownloaderOperation.h */ = {isa = PBXFileReference; fileEncoding = 4; lastKnownFileType = sourcecode.c.h; path = SDWebImageDownloaderOperation.h; sourceTree = "<group>"; };
		DEE67C821B81D1FA00F93DA7 /* SDWebImageDownloaderOperation.m */ = {isa = PBXFileReference; fileEncoding = 4; lastKnownFileType = sourcecode.c.objc; path = SDWebImageDownloaderOperation.m; sourceTree = "<group>"; };
		DEE67C831B81D1FA00F93DA7 /* SDWebImageManager.h */ = {isa = PBXFileReference; fileEncoding = 4; lastKnownFileType = sourcecode.c.h; path = SDWebImageManager.h; sourceTree = "<group>"; };
		DEE67C841B81D1FA00F93DA7 /* SDWebImageManager.m */ = {isa = PBXFileReference; fileEncoding = 4; lastKnownFileType = sourcecode.c.objc; path = SDWebImageManager.m; sourceTree = "<group>"; };
		DEE67C851B81D1FA00F93DA7 /* SDWebImageOperation.h */ = {isa = PBXFileReference; fileEncoding = 4; lastKnownFileType = sourcecode.c.h; path = SDWebImageOperation.h; sourceTree = "<group>"; };
		DEE67C861B81D1FA00F93DA7 /* SDWebImagePrefetcher.h */ = {isa = PBXFileReference; fileEncoding = 4; lastKnownFileType = sourcecode.c.h; path = SDWebImagePrefetcher.h; sourceTree = "<group>"; };
		DEE67C871B81D1FA00F93DA7 /* SDWebImagePrefetcher.m */ = {isa = PBXFileReference; fileEncoding = 4; lastKnownFileType = sourcecode.c.objc; path = SDWebImagePrefetcher.m; sourceTree = "<group>"; };
		DEE67C881B81D1FA00F93DA7 /* UIButton+WebCache.h */ = {isa = PBXFileReference; fileEncoding = 4; lastKnownFileType = sourcecode.c.h; path = "UIButton+WebCache.h"; sourceTree = "<group>"; };
		DEE67C891B81D1FA00F93DA7 /* UIButton+WebCache.m */ = {isa = PBXFileReference; fileEncoding = 4; lastKnownFileType = sourcecode.c.objc; path = "UIButton+WebCache.m"; sourceTree = "<group>"; };
		DEE67C8A1B81D1FA00F93DA7 /* UIImage+GIF.h */ = {isa = PBXFileReference; fileEncoding = 4; lastKnownFileType = sourcecode.c.h; path = "UIImage+GIF.h"; sourceTree = "<group>"; };
		DEE67C8B1B81D1FA00F93DA7 /* UIImage+GIF.m */ = {isa = PBXFileReference; fileEncoding = 4; lastKnownFileType = sourcecode.c.objc; path = "UIImage+GIF.m"; sourceTree = "<group>"; };
		DEE67C8C1B81D1FA00F93DA7 /* UIImage+MultiFormat.h */ = {isa = PBXFileReference; fileEncoding = 4; lastKnownFileType = sourcecode.c.h; path = "UIImage+MultiFormat.h"; sourceTree = "<group>"; };
		DEE67C8D1B81D1FA00F93DA7 /* UIImage+MultiFormat.m */ = {isa = PBXFileReference; fileEncoding = 4; lastKnownFileType = sourcecode.c.objc; path = "UIImage+MultiFormat.m"; sourceTree = "<group>"; };
		DEE67C8E1B81D1FA00F93DA7 /* UIImage+WebP.h */ = {isa = PBXFileReference; fileEncoding = 4; lastKnownFileType = sourcecode.c.h; path = "UIImage+WebP.h"; sourceTree = "<group>"; };
		DEE67C8F1B81D1FA00F93DA7 /* UIImage+WebP.m */ = {isa = PBXFileReference; fileEncoding = 4; lastKnownFileType = sourcecode.c.objc; path = "UIImage+WebP.m"; sourceTree = "<group>"; };
		DEE67C901B81D1FA00F93DA7 /* UIImageView+HighlightedWebCache.h */ = {isa = PBXFileReference; fileEncoding = 4; lastKnownFileType = sourcecode.c.h; path = "UIImageView+HighlightedWebCache.h"; sourceTree = "<group>"; };
		DEE67C911B81D1FA00F93DA7 /* UIImageView+HighlightedWebCache.m */ = {isa = PBXFileReference; fileEncoding = 4; lastKnownFileType = sourcecode.c.objc; path = "UIImageView+HighlightedWebCache.m"; sourceTree = "<group>"; };
		DEE67C921B81D1FA00F93DA7 /* UIImageView+WebCache.h */ = {isa = PBXFileReference; fileEncoding = 4; lastKnownFileType = sourcecode.c.h; path = "UIImageView+WebCache.h"; sourceTree = "<group>"; };
		DEE67C931B81D1FA00F93DA7 /* UIImageView+WebCache.m */ = {isa = PBXFileReference; fileEncoding = 4; lastKnownFileType = sourcecode.c.objc; path = "UIImageView+WebCache.m"; sourceTree = "<group>"; };
		DEE67C941B81D1FA00F93DA7 /* UIView+WebCacheOperation.h */ = {isa = PBXFileReference; fileEncoding = 4; lastKnownFileType = sourcecode.c.h; path = "UIView+WebCacheOperation.h"; sourceTree = "<group>"; };
		DEE67C951B81D1FA00F93DA7 /* UIView+WebCacheOperation.m */ = {isa = PBXFileReference; fileEncoding = 4; lastKnownFileType = sourcecode.c.objc; path = "UIView+WebCacheOperation.m"; sourceTree = "<group>"; };
		DEE67CA61B81DC5900F93DA7 /* SudokuViewController.h */ = {isa = PBXFileReference; fileEncoding = 4; lastKnownFileType = sourcecode.c.h; path = SudokuViewController.h; sourceTree = "<group>"; };
		DEE67CA71B81DC5900F93DA7 /* SudokuViewController.m */ = {isa = PBXFileReference; fileEncoding = 4; lastKnownFileType = sourcecode.c.objc; path = SudokuViewController.m; sourceTree = "<group>"; };
		DEE67CA91B830F1800F93DA7 /* UIScrollViewController.h */ = {isa = PBXFileReference; fileEncoding = 4; lastKnownFileType = sourcecode.c.h; path = UIScrollViewController.h; sourceTree = "<group>"; };
		DEE67CAA1B830F1800F93DA7 /* UIScrollViewController.m */ = {isa = PBXFileReference; fileEncoding = 4; lastKnownFileType = sourcecode.c.objc; path = UIScrollViewController.m; sourceTree = "<group>"; };
		DEE6D87B1B78E0B3002129F7 /* TestDemo.app */ = {isa = PBXFileReference; explicitFileType = wrapper.application; includeInIndex = 0; path = TestDemo.app; sourceTree = BUILT_PRODUCTS_DIR; };
		DEE6D87F1B78E0B3002129F7 /* Info.plist */ = {isa = PBXFileReference; lastKnownFileType = text.plist.xml; path = Info.plist; sourceTree = "<group>"; };
		DEE6D8801B78E0B3002129F7 /* main.m */ = {isa = PBXFileReference; lastKnownFileType = sourcecode.c.objc; path = main.m; sourceTree = "<group>"; };
		DEE6D8821B78E0B3002129F7 /* AppDelegate.h */ = {isa = PBXFileReference; lastKnownFileType = sourcecode.c.h; path = AppDelegate.h; sourceTree = "<group>"; };
		DEE6D8831B78E0B3002129F7 /* AppDelegate.m */ = {isa = PBXFileReference; lastKnownFileType = sourcecode.c.objc; path = AppDelegate.m; sourceTree = "<group>"; };
		DEE6D8851B78E0B3002129F7 /* ViewController.h */ = {isa = PBXFileReference; lastKnownFileType = sourcecode.c.h; path = ViewController.h; sourceTree = "<group>"; };
		DEE6D8861B78E0B3002129F7 /* ViewController.m */ = {isa = PBXFileReference; lastKnownFileType = sourcecode.c.objc; path = ViewController.m; sourceTree = "<group>"; };
		DEE6D8891B78E0B3002129F7 /* Base */ = {isa = PBXFileReference; lastKnownFileType = file.storyboard; name = Base; path = Base.lproj/Main.storyboard; sourceTree = "<group>"; };
		DEE6D88B1B78E0B3002129F7 /* Images.xcassets */ = {isa = PBXFileReference; lastKnownFileType = folder.assetcatalog; path = Images.xcassets; sourceTree = "<group>"; };
		DEE6D88E1B78E0B3002129F7 /* Base */ = {isa = PBXFileReference; lastKnownFileType = file.xib; name = Base; path = Base.lproj/LaunchScreen.xib; sourceTree = "<group>"; };
		DEE6D8941B78E0B4002129F7 /* TestDemoTests.xctest */ = {isa = PBXFileReference; explicitFileType = wrapper.cfbundle; includeInIndex = 0; path = TestDemoTests.xctest; sourceTree = BUILT_PRODUCTS_DIR; };
		DEE6D8991B78E0B4002129F7 /* Info.plist */ = {isa = PBXFileReference; lastKnownFileType = text.plist.xml; path = Info.plist; sourceTree = "<group>"; };
		DEE6D89A1B78E0B4002129F7 /* TestDemoTests.m */ = {isa = PBXFileReference; lastKnownFileType = sourcecode.c.objc; path = TestDemoTests.m; sourceTree = "<group>"; };
		DEFB855C1BCF57CB007A4677 /* CustomNav.h */ = {isa = PBXFileReference; fileEncoding = 4; lastKnownFileType = sourcecode.c.h; path = CustomNav.h; sourceTree = "<group>"; };
		DEFB855D1BCF57CB007A4677 /* CustomNav.m */ = {isa = PBXFileReference; fileEncoding = 4; lastKnownFileType = sourcecode.c.objc; path = CustomNav.m; sourceTree = "<group>"; };
/* End PBXFileReference section */

/* Begin PBXFrameworksBuildPhase section */
		DEE6D8781B78E0B3002129F7 /* Frameworks */ = {
			isa = PBXFrameworksBuildPhase;
			buildActionMask = 2147483647;
			files = (
			);
			runOnlyForDeploymentPostprocessing = 0;
		};
		DEE6D8911B78E0B4002129F7 /* Frameworks */ = {
			isa = PBXFrameworksBuildPhase;
			buildActionMask = 2147483647;
			files = (
			);
			runOnlyForDeploymentPostprocessing = 0;
		};
/* End PBXFrameworksBuildPhase section */

/* Begin PBXGroup section */
		258F25661B91FCB000EA531F /* SingleInstance */ = {
			isa = PBXGroup;
			children = (
				258F25671B91FCD600EA531F /* SingleClass.h */,
				258F25681B91FCD600EA531F /* SingleClass.m */,
			);
			name = SingleInstance;
			sourceTree = "<group>";
		};
		DE134D9C1BA4295A00822751 /* AFNetworking */ = {
			isa = PBXGroup;
			children = (
				DE134D9D1BA4295A00822751 /* AFNetworking */,
				DE134DB11BA4295A00822751 /* UIKit+AFNetworking */,
			);
			path = AFNetworking;
			sourceTree = "<group>";
		};
		DE134D9D1BA4295A00822751 /* AFNetworking */ = {
			isa = PBXGroup;
			children = (
				DE134D9E1BA4295A00822751 /* AFHTTPRequestOperation.h */,
				DE134D9F1BA4295A00822751 /* AFHTTPRequestOperation.m */,
				DE134DA01BA4295A00822751 /* AFHTTPRequestOperationManager.h */,
				DE134DA11BA4295A00822751 /* AFHTTPRequestOperationManager.m */,
				DE134DA21BA4295A00822751 /* AFHTTPSessionManager.h */,
				DE134DA31BA4295A00822751 /* AFHTTPSessionManager.m */,
				DE134DA41BA4295A00822751 /* AFNetworking.h */,
				DE134DA51BA4295A00822751 /* AFNetworkReachabilityManager.h */,
				DE134DA61BA4295A00822751 /* AFNetworkReachabilityManager.m */,
				DE134DA71BA4295A00822751 /* AFSecurityPolicy.h */,
				DE134DA81BA4295A00822751 /* AFSecurityPolicy.m */,
				DE134DA91BA4295A00822751 /* AFURLConnectionOperation.h */,
				DE134DAA1BA4295A00822751 /* AFURLConnectionOperation.m */,
				DE134DAB1BA4295A00822751 /* AFURLRequestSerialization.h */,
				DE134DAC1BA4295A00822751 /* AFURLRequestSerialization.m */,
				DE134DAD1BA4295A00822751 /* AFURLResponseSerialization.h */,
				DE134DAE1BA4295A00822751 /* AFURLResponseSerialization.m */,
				DE134DAF1BA4295A00822751 /* AFURLSessionManager.h */,
				DE134DB01BA4295A00822751 /* AFURLSessionManager.m */,
			);
			path = AFNetworking;
			sourceTree = "<group>";
		};
		DE134DB11BA4295A00822751 /* UIKit+AFNetworking */ = {
			isa = PBXGroup;
			children = (
				DE134DB21BA4295A00822751 /* AFNetworkActivityIndicatorManager.h */,
				DE134DB31BA4295A00822751 /* AFNetworkActivityIndicatorManager.m */,
				DE134DB41BA4295A00822751 /* UIActivityIndicatorView+AFNetworking.h */,
				DE134DB51BA4295A00822751 /* UIActivityIndicatorView+AFNetworking.m */,
				DE134DB61BA4295A00822751 /* UIAlertView+AFNetworking.h */,
				DE134DB71BA4295A00822751 /* UIAlertView+AFNetworking.m */,
				DE134DB81BA4295A00822751 /* UIButton+AFNetworking.h */,
				DE134DB91BA4295A00822751 /* UIButton+AFNetworking.m */,
				DE134DBA1BA4295A00822751 /* UIImageView+AFNetworking.h */,
				DE134DBB1BA4295A00822751 /* UIImageView+AFNetworking.m */,
				DE134DBC1BA4295A00822751 /* UIKit+AFNetworking.h */,
				DE134DBD1BA4295A00822751 /* UIProgressView+AFNetworking.h */,
				DE134DBE1BA4295A00822751 /* UIProgressView+AFNetworking.m */,
				DE134DBF1BA4295A00822751 /* UIRefreshControl+AFNetworking.h */,
				DE134DC01BA4295A00822751 /* UIRefreshControl+AFNetworking.m */,
				DE134DC11BA4295A00822751 /* UIWebView+AFNetworking.h */,
				DE134DC21BA4295A00822751 /* UIWebView+AFNetworking.m */,
			);
			path = "UIKit+AFNetworking";
			sourceTree = "<group>";
		};
		DE134DD41BA4296900822751 /* HexColors */ = {
			isa = PBXGroup;
			children = (
				DE134DD51BA4296900822751 /* HexColors.h */,
				DE134DD61BA4296900822751 /* HexColors.m */,
			);
			name = HexColors;
			path = SDWebImage/HexColors;
			sourceTree = "<group>";
		};
		DE134DD81BA56BD600822751 /* LifeCycleOfVC */ = {
			isa = PBXGroup;
			children = (
				DE134DD91BA56C5E00822751 /* LifeCycleOfViewController.h */,
				DE134DDA1BA56C5E00822751 /* LifeCycleOfViewController.m */,
			);
			name = LifeCycleOfVC;
			sourceTree = "<group>";
		};
		DE134DE21BA90FA500822751 /* TableVIewTest */ = {
			isa = PBXGroup;
			children = (
				DE134DE31BA90FCA00822751 /* HeadViewController.h */,
				DE134DE41BA90FCA00822751 /* HeadViewController.m */,
			);
			name = TableVIewTest;
			sourceTree = "<group>";
		};
		DE5625F41C0DF544009DB0EB /* runtimeDemo */ = {
			isa = PBXGroup;
			children = (
				DE5625F71C0DFAA3009DB0EB /* runtimeDemoViewController.h */,
				DE5625F81C0DFAA3009DB0EB /* runtimeDemoViewController.m */,
			);
			name = runtimeDemo;
			sourceTree = "<group>";
		};
		DE5625F51C0DF55A009DB0EB /* runloopDemo */ = {
			isa = PBXGroup;
			children = (
			);
			name = runloopDemo;
			sourceTree = "<group>";
		};
		DE5625F61C0DF576009DB0EB /* AnimationDemo */ = {
			isa = PBXGroup;
			children = (
			);
			name = AnimationDemo;
			sourceTree = "<group>";
		};
		DE86D78C1B9D74DC0016C36B /* CustomView */ = {
			isa = PBXGroup;
			children = (
				DE86D78D1B9D75160016C36B /* CustomView.xib */,
			);
			path = CustomView;
			sourceTree = "<group>";
		};
		DE8C6B8B1B9194720011DF6B /* DataTransmission */ = {
			isa = PBXGroup;
			children = (
				DE6F48261B8CBF650073C9DF /* PassValueViewController.h */,
				DE6F48271B8CBF650073C9DF /* PassValueViewController.m */,
			);
			name = DataTransmission;
			sourceTree = "<group>";
		};
		DE8C6B8F1B9408640011DF6B /* GCDDemo */ = {
			isa = PBXGroup;
			children = (
				DE6F48291B8DB8550073C9DF /* GCDViewController.h */,
				DE6F482A1B8DB8550073C9DF /* GCDViewController.m */,
			);
			name = GCDDemo;
			sourceTree = "<group>";
		};
		DEE67C5F1B7CD86F00F93DA7 /* ThirdLibrarys */ = {
			isa = PBXGroup;
			children = (
				DE134DD41BA4296900822751 /* HexColors */,
				DE134D9C1BA4295A00822751 /* AFNetworking */,
				DEE67C741B81D1FA00F93DA7 /* SDWebImage */,
			);
			path = ThirdLibrarys;
			sourceTree = "<group>";
		};
		DEE67C601B7CD90000F93DA7 /* Class */ = {
			isa = PBXGroup;
			children = (
				DEE67C611B7CD90000F93DA7 /* Category */,
				DEE67C621B7CD90000F93DA7 /* Controller */,
				DEE67C631B7CD90000F93DA7 /* Model */,
				DEE67C641B7CD90000F93DA7 /* Tool */,
				DEE67C651B7CD90000F93DA7 /* View */,
			);
			path = Class;
			sourceTree = "<group>";
		};
		DEE67C611B7CD90000F93DA7 /* Category */ = {
			isa = PBXGroup;
			children = (
			);
			path = Category;
			sourceTree = "<group>";
		};
		DEE67C621B7CD90000F93DA7 /* Controller */ = {
			isa = PBXGroup;
			children = (
				DE5625F61C0DF576009DB0EB /* AnimationDemo */,
				DE5625F51C0DF55A009DB0EB /* runloopDemo */,
				DE5625F41C0DF544009DB0EB /* runtimeDemo */,
				DE134DE21BA90FA500822751 /* TableVIewTest */,
				DE134DD81BA56BD600822751 /* LifeCycleOfVC */,
				DE8C6B8F1B9408640011DF6B /* GCDDemo */,
				DE8C6B8B1B9194720011DF6B /* DataTransmission */,
				DEE67C711B81C3CC00F93DA7 /* PictureViewController.h */,
				DEE67C721B81C3CC00F93DA7 /* PictureViewController.m */,
				DEE67CA61B81DC5900F93DA7 /* SudokuViewController.h */,
				DEE67CA71B81DC5900F93DA7 /* SudokuViewController.m */,
				DEE67CA91B830F1800F93DA7 /* UIScrollViewController.h */,
				DEE67CAA1B830F1800F93DA7 /* UIScrollViewController.m */,
				DE6F48231B85BBA90073C9DF /* DatepickerViewController.h */,
				DE6F48241B85BBA90073C9DF /* DatepickerViewController.m */,
			);
			path = Controller;
			sourceTree = "<group>";
		};
		DEE67C631B7CD90000F93DA7 /* Model */ = {
			isa = PBXGroup;
			children = (
				258F25661B91FCB000EA531F /* SingleInstance */,
			);
			path = Model;
			sourceTree = "<group>";
		};
		DEE67C641B7CD90000F93DA7 /* Tool */ = {
			isa = PBXGroup;
			children = (
			);
			path = Tool;
			sourceTree = "<group>";
		};
		DEE67C651B7CD90000F93DA7 /* View */ = {
			isa = PBXGroup;
			children = (
				DEFB855B1BCF5761007A4677 /* Nav */,
				DE86D78C1B9D74DC0016C36B /* CustomView */,
				DEE67C661B7CDAB300F93DA7 /* StartUIView.h */,
				DEE67C671B7CDAB300F93DA7 /* StartUIView.m */,
			);
			path = View;
			sourceTree = "<group>";
		};
		DEE67C741B81D1FA00F93DA7 /* SDWebImage */ = {
			isa = PBXGroup;
			children = (
				DEE67C751B81D1FA00F93DA7 /* MKAnnotationView+WebCache.h */,
				DEE67C761B81D1FA00F93DA7 /* MKAnnotationView+WebCache.m */,
				DEE67C771B81D1FA00F93DA7 /* NSData+ImageContentType.h */,
				DEE67C781B81D1FA00F93DA7 /* NSData+ImageContentType.m */,
				DEE67C791B81D1FA00F93DA7 /* SDImageCache.h */,
				DEE67C7A1B81D1FA00F93DA7 /* SDImageCache.m */,
				DEE67C7B1B81D1FA00F93DA7 /* SDWebImageCompat.h */,
				DEE67C7C1B81D1FA00F93DA7 /* SDWebImageCompat.m */,
				DEE67C7D1B81D1FA00F93DA7 /* SDWebImageDecoder.h */,
				DEE67C7E1B81D1FA00F93DA7 /* SDWebImageDecoder.m */,
				DEE67C7F1B81D1FA00F93DA7 /* SDWebImageDownloader.h */,
				DEE67C801B81D1FA00F93DA7 /* SDWebImageDownloader.m */,
				DEE67C811B81D1FA00F93DA7 /* SDWebImageDownloaderOperation.h */,
				DEE67C821B81D1FA00F93DA7 /* SDWebImageDownloaderOperation.m */,
				DEE67C831B81D1FA00F93DA7 /* SDWebImageManager.h */,
				DEE67C841B81D1FA00F93DA7 /* SDWebImageManager.m */,
				DEE67C851B81D1FA00F93DA7 /* SDWebImageOperation.h */,
				DEE67C861B81D1FA00F93DA7 /* SDWebImagePrefetcher.h */,
				DEE67C871B81D1FA00F93DA7 /* SDWebImagePrefetcher.m */,
				DEE67C881B81D1FA00F93DA7 /* UIButton+WebCache.h */,
				DEE67C891B81D1FA00F93DA7 /* UIButton+WebCache.m */,
				DEE67C8A1B81D1FA00F93DA7 /* UIImage+GIF.h */,
				DEE67C8B1B81D1FA00F93DA7 /* UIImage+GIF.m */,
				DEE67C8C1B81D1FA00F93DA7 /* UIImage+MultiFormat.h */,
				DEE67C8D1B81D1FA00F93DA7 /* UIImage+MultiFormat.m */,
				DEE67C8E1B81D1FA00F93DA7 /* UIImage+WebP.h */,
				DEE67C8F1B81D1FA00F93DA7 /* UIImage+WebP.m */,
				DEE67C901B81D1FA00F93DA7 /* UIImageView+HighlightedWebCache.h */,
				DEE67C911B81D1FA00F93DA7 /* UIImageView+HighlightedWebCache.m */,
				DEE67C921B81D1FA00F93DA7 /* UIImageView+WebCache.h */,
				DEE67C931B81D1FA00F93DA7 /* UIImageView+WebCache.m */,
				DEE67C941B81D1FA00F93DA7 /* UIView+WebCacheOperation.h */,
				DEE67C951B81D1FA00F93DA7 /* UIView+WebCacheOperation.m */,
			);
			path = SDWebImage;
			sourceTree = "<group>";
		};
		DEE6D8721B78E0B3002129F7 = {
			isa = PBXGroup;
			children = (
				DEE67C5F1B7CD86F00F93DA7 /* ThirdLibrarys */,
				DEE6D8971B78E0B4002129F7 /* TestDemoTests */,
				DEE6D87C1B78E0B3002129F7 /* Products */,
				DEE6D87D1B78E0B3002129F7 /* TestDemo */,
			);
			sourceTree = "<group>";
		};
		DEE6D87C1B78E0B3002129F7 /* Products */ = {
			isa = PBXGroup;
			children = (
				DEE6D87B1B78E0B3002129F7 /* TestDemo.app */,
				DEE6D8941B78E0B4002129F7 /* TestDemoTests.xctest */,
			);
			name = Products;
			sourceTree = "<group>";
		};
		DEE6D87D1B78E0B3002129F7 /* TestDemo */ = {
			isa = PBXGroup;
			children = (
				DEE67C601B7CD90000F93DA7 /* Class */,
				DEE6D8821B78E0B3002129F7 /* AppDelegate.h */,
				DEE6D8831B78E0B3002129F7 /* AppDelegate.m */,
				DEE6D8851B78E0B3002129F7 /* ViewController.h */,
				DEE6D8861B78E0B3002129F7 /* ViewController.m */,
				DEE6D8881B78E0B3002129F7 /* Main.storyboard */,
				DEE6D88B1B78E0B3002129F7 /* Images.xcassets */,
				DEE6D88D1B78E0B3002129F7 /* LaunchScreen.xib */,
				DEE6D87E1B78E0B3002129F7 /* Supporting Files */,
				DE8C6B8C1B9401640011DF6B /* MainViewController.h */,
				DE8C6B8D1B9401640011DF6B /* MainViewController.m */,
			);
			path = TestDemo;
			sourceTree = "<group>";
		};
		DEE6D87E1B78E0B3002129F7 /* Supporting Files */ = {
			isa = PBXGroup;
			children = (
				DEE6D87F1B78E0B3002129F7 /* Info.plist */,
				DEE6D8801B78E0B3002129F7 /* main.m */,
			);
			name = "Supporting Files";
			sourceTree = "<group>";
		};
		DEE6D8971B78E0B4002129F7 /* TestDemoTests */ = {
			isa = PBXGroup;
			children = (
				DEE6D89A1B78E0B4002129F7 /* TestDemoTests.m */,
				DEE6D8981B78E0B4002129F7 /* Supporting Files */,
			);
			path = TestDemoTests;
			sourceTree = "<group>";
		};
		DEE6D8981B78E0B4002129F7 /* Supporting Files */ = {
			isa = PBXGroup;
			children = (
				DEE6D8991B78E0B4002129F7 /* Info.plist */,
			);
			name = "Supporting Files";
			sourceTree = "<group>";
		};
		DEFB855B1BCF5761007A4677 /* Nav */ = {
			isa = PBXGroup;
			children = (
				DEFB855C1BCF57CB007A4677 /* CustomNav.h */,
				DEFB855D1BCF57CB007A4677 /* CustomNav.m */,
			);
			name = Nav;
			sourceTree = "<group>";
		};
/* End PBXGroup section */

/* Begin PBXNativeTarget section */
		DEE6D87A1B78E0B3002129F7 /* TestDemo */ = {
			isa = PBXNativeTarget;
			buildConfigurationList = DEE6D89E1B78E0B4002129F7 /* Build configuration list for PBXNativeTarget "TestDemo" */;
			buildPhases = (
				DEE6D8771B78E0B3002129F7 /* Sources */,
				DEE6D8781B78E0B3002129F7 /* Frameworks */,
				DEE6D8791B78E0B3002129F7 /* Resources */,
			);
			buildRules = (
			);
			dependencies = (
			);
			name = TestDemo;
			productName = TestDemo;
			productReference = DEE6D87B1B78E0B3002129F7 /* TestDemo.app */;
			productType = "com.apple.product-type.application";
		};
		DEE6D8931B78E0B4002129F7 /* TestDemoTests */ = {
			isa = PBXNativeTarget;
			buildConfigurationList = DEE6D8A11B78E0B4002129F7 /* Build configuration list for PBXNativeTarget "TestDemoTests" */;
			buildPhases = (
				DEE6D8901B78E0B4002129F7 /* Sources */,
				DEE6D8911B78E0B4002129F7 /* Frameworks */,
				DEE6D8921B78E0B4002129F7 /* Resources */,
			);
			buildRules = (
			);
			dependencies = (
				DEE6D8961B78E0B4002129F7 /* PBXTargetDependency */,
			);
			name = TestDemoTests;
			productName = TestDemoTests;
			productReference = DEE6D8941B78E0B4002129F7 /* TestDemoTests.xctest */;
			productType = "com.apple.product-type.bundle.unit-test";
		};
/* End PBXNativeTarget section */

/* Begin PBXProject section */
		DEE6D8731B78E0B3002129F7 /* Project object */ = {
			isa = PBXProject;
			attributes = {
				LastUpgradeCheck = 0640;
				ORGANIZATIONNAME = chenlongjian;
				TargetAttributes = {
					DEE6D87A1B78E0B3002129F7 = {
						CreatedOnToolsVersion = 6.4;
					};
					DEE6D8931B78E0B4002129F7 = {
						CreatedOnToolsVersion = 6.4;
						TestTargetID = DEE6D87A1B78E0B3002129F7;
					};
				};
			};
			buildConfigurationList = DEE6D8761B78E0B3002129F7 /* Build configuration list for PBXProject "TestDemo" */;
			compatibilityVersion = "Xcode 3.2";
			developmentRegion = English;
			hasScannedForEncodings = 0;
			knownRegions = (
				en,
				Base,
			);
			mainGroup = DEE6D8721B78E0B3002129F7;
			productRefGroup = DEE6D87C1B78E0B3002129F7 /* Products */;
			projectDirPath = "";
			projectRoot = "";
			targets = (
				DEE6D87A1B78E0B3002129F7 /* TestDemo */,
				DEE6D8931B78E0B4002129F7 /* TestDemoTests */,
			);
		};
/* End PBXProject section */

/* Begin PBXResourcesBuildPhase section */
		DEE6D8791B78E0B3002129F7 /* Resources */ = {
			isa = PBXResourcesBuildPhase;
			buildActionMask = 2147483647;
			files = (
				DEE6D88A1B78E0B3002129F7 /* Main.storyboard in Resources */,
				DE86D78E1B9D75160016C36B /* CustomView.xib in Resources */,
				DEE6D88F1B78E0B3002129F7 /* LaunchScreen.xib in Resources */,
				DEE6D88C1B78E0B3002129F7 /* Images.xcassets in Resources */,
			);
			runOnlyForDeploymentPostprocessing = 0;
		};
		DEE6D8921B78E0B4002129F7 /* Resources */ = {
			isa = PBXResourcesBuildPhase;
			buildActionMask = 2147483647;
			files = (
			);
			runOnlyForDeploymentPostprocessing = 0;
		};
/* End PBXResourcesBuildPhase section */

/* Begin PBXSourcesBuildPhase section */
		DEE6D8771B78E0B3002129F7 /* Sources */ = {
			isa = PBXSourcesBuildPhase;
			buildActionMask = 2147483647;
			files = (
				DEE67C681B7CDAB300F93DA7 /* StartUIView.m in Sources */,
				DEE67CA31B81D1FA00F93DA7 /* UIImageView+HighlightedWebCache.m in Sources */,
				DE134DD31BA4295A00822751 /* UIWebView+AFNetworking.m in Sources */,
				DE134DC41BA4295A00822751 /* AFHTTPRequestOperationManager.m in Sources */,
				DEE67CAB1B830F1800F93DA7 /* UIScrollViewController.m in Sources */,
				DE134DCC1BA4295A00822751 /* AFNetworkActivityIndicatorManager.m in Sources */,
				DE134DDB1BA56C5E00822751 /* LifeCycleOfViewController.m in Sources */,
				DEE67CA41B81D1FA00F93DA7 /* UIImageView+WebCache.m in Sources */,
				DEE67CA21B81D1FA00F93DA7 /* UIImage+WebP.m in Sources */,
				DEE67C9E1B81D1FA00F93DA7 /* SDWebImagePrefetcher.m in Sources */,
				DE5625F91C0DFAA3009DB0EB /* runtimeDemoViewController.m in Sources */,
				DEE67C731B81C3CC00F93DA7 /* PictureViewController.m in Sources */,
				DE134DCB1BA4295A00822751 /* AFURLSessionManager.m in Sources */,
				DEE67C9A1B81D1FA00F93DA7 /* SDWebImageDecoder.m in Sources */,
				DE134DC51BA4295A00822751 /* AFHTTPSessionManager.m in Sources */,
				DEFB855E1BCF57CB007A4677 /* CustomNav.m in Sources */,
				DE134DCD1BA4295A00822751 /* UIActivityIndicatorView+AFNetworking.m in Sources */,
				DE134DCA1BA4295A00822751 /* AFURLResponseSerialization.m in Sources */,
				DE134DE51BA90FCA00822751 /* HeadViewController.m in Sources */,
				DE134DC31BA4295A00822751 /* AFHTTPRequestOperation.m in Sources */,
				DEE67C9B1B81D1FA00F93DA7 /* SDWebImageDownloader.m in Sources */,
				DE134DC91BA4295A00822751 /* AFURLRequestSerialization.m in Sources */,
				DE6F482B1B8DB8550073C9DF /* GCDViewController.m in Sources */,
				DE134DD21BA4295A00822751 /* UIRefreshControl+AFNetworking.m in Sources */,
				DEE6D8871B78E0B3002129F7 /* ViewController.m in Sources */,
				DE134DD01BA4295A00822751 /* UIImageView+AFNetworking.m in Sources */,
				DE8C6B8E1B9401640011DF6B /* MainViewController.m in Sources */,
				DEE67C9D1B81D1FA00F93DA7 /* SDWebImageManager.m in Sources */,
				DEE67CA51B81D1FA00F93DA7 /* UIView+WebCacheOperation.m in Sources */,
				DE134DD11BA4295A00822751 /* UIProgressView+AFNetworking.m in Sources */,
				DEE67C9F1B81D1FA00F93DA7 /* UIButton+WebCache.m in Sources */,
				DEE67CA11B81D1FA00F93DA7 /* UIImage+MultiFormat.m in Sources */,
				DE134DCE1BA4295A00822751 /* UIAlertView+AFNetworking.m in Sources */,
				258F25691B91FCD600EA531F /* SingleClass.m in Sources */,
				DEE6D8841B78E0B3002129F7 /* AppDelegate.m in Sources */,
				DE134DD71BA4296900822751 /* HexColors.m in Sources */,
				DEE67C9C1B81D1FA00F93DA7 /* SDWebImageDownloaderOperation.m in Sources */,
				DE134DC61BA4295A00822751 /* AFNetworkReachabilityManager.m in Sources */,
				DE6F48251B85BBA90073C9DF /* DatepickerViewController.m in Sources */,
				DEE67CA01B81D1FA00F93DA7 /* UIImage+GIF.m in Sources */,
				DEE67C991B81D1FA00F93DA7 /* SDWebImageCompat.m in Sources */,
				DE134DC81BA4295A00822751 /* AFURLConnectionOperation.m in Sources */,
				DEE67C971B81D1FA00F93DA7 /* NSData+ImageContentType.m in Sources */,
				DE6F48281B8CBF650073C9DF /* PassValueViewController.m in Sources */,
				DEE6D8811B78E0B3002129F7 /* main.m in Sources */,
				DEE67CA81B81DC5900F93DA7 /* SudokuViewController.m in Sources */,
				DE134DCF1BA4295A00822751 /* UIButton+AFNetworking.m in Sources */,
				DEE67C961B81D1FA00F93DA7 /* MKAnnotationView+WebCache.m in Sources */,
				DE134DC71BA4295A00822751 /* AFSecurityPolicy.m in Sources */,
				DEE67C981B81D1FA00F93DA7 /* SDImageCache.m in Sources */,
			);
			runOnlyForDeploymentPostprocessing = 0;
		};
		DEE6D8901B78E0B4002129F7 /* Sources */ = {
			isa = PBXSourcesBuildPhase;
			buildActionMask = 2147483647;
			files = (
				DEE6D89B1B78E0B4002129F7 /* TestDemoTests.m in Sources */,
			);
			runOnlyForDeploymentPostprocessing = 0;
		};
/* End PBXSourcesBuildPhase section */

/* Begin PBXTargetDependency section */
		DEE6D8961B78E0B4002129F7 /* PBXTargetDependency */ = {
			isa = PBXTargetDependency;
			target = DEE6D87A1B78E0B3002129F7 /* TestDemo */;
			targetProxy = DEE6D8951B78E0B4002129F7 /* PBXContainerItemProxy */;
		};
/* End PBXTargetDependency section */

/* Begin PBXVariantGroup section */
		DEE6D8881B78E0B3002129F7 /* Main.storyboard */ = {
			isa = PBXVariantGroup;
			children = (
				DEE6D8891B78E0B3002129F7 /* Base */,
			);
			name = Main.storyboard;
			sourceTree = "<group>";
		};
		DEE6D88D1B78E0B3002129F7 /* LaunchScreen.xib */ = {
			isa = PBXVariantGroup;
			children = (
				DEE6D88E1B78E0B3002129F7 /* Base */,
			);
			name = LaunchScreen.xib;
			sourceTree = "<group>";
		};
/* End PBXVariantGroup section */

/* Begin XCBuildConfiguration section */
		DEE6D89C1B78E0B4002129F7 /* Debug */ = {
			isa = XCBuildConfiguration;
			buildSettings = {
				ALWAYS_SEARCH_USER_PATHS = NO;
				CLANG_CXX_LANGUAGE_STANDARD = "gnu++0x";
				CLANG_CXX_LIBRARY = "libc++";
				CLANG_ENABLE_MODULES = YES;
				CLANG_ENABLE_OBJC_ARC = YES;
				CLANG_WARN_BOOL_CONVERSION = YES;
				CLANG_WARN_CONSTANT_CONVERSION = YES;
				CLANG_WARN_DIRECT_OBJC_ISA_USAGE = YES_ERROR;
				CLANG_WARN_EMPTY_BODY = YES;
				CLANG_WARN_ENUM_CONVERSION = YES;
				CLANG_WARN_INT_CONVERSION = YES;
				CLANG_WARN_OBJC_ROOT_CLASS = YES_ERROR;
				CLANG_WARN_UNREACHABLE_CODE = YES;
				CLANG_WARN__DUPLICATE_METHOD_MATCH = YES;
				"CODE_SIGN_IDENTITY[sdk=iphoneos*]" = "iPhone Developer";
				COPY_PHASE_STRIP = NO;
				DEBUG_INFORMATION_FORMAT = "dwarf-with-dsym";
				ENABLE_STRICT_OBJC_MSGSEND = YES;
				GCC_C_LANGUAGE_STANDARD = gnu99;
				GCC_DYNAMIC_NO_PIC = NO;
				GCC_NO_COMMON_BLOCKS = YES;
				GCC_OPTIMIZATION_LEVEL = 0;
				GCC_PREPROCESSOR_DEFINITIONS = (
					"DEBUG=1",
					"$(inherited)",
				);
				GCC_SYMBOLS_PRIVATE_EXTERN = NO;
				GCC_WARN_64_TO_32_BIT_CONVERSION = YES;
				GCC_WARN_ABOUT_RETURN_TYPE = YES_ERROR;
				GCC_WARN_UNDECLARED_SELECTOR = YES;
				GCC_WARN_UNINITIALIZED_AUTOS = YES_AGGRESSIVE;
				GCC_WARN_UNUSED_FUNCTION = YES;
				GCC_WARN_UNUSED_VARIABLE = YES;
				IPHONEOS_DEPLOYMENT_TARGET = 8.4;
				MTL_ENABLE_DEBUG_INFO = YES;
				ONLY_ACTIVE_ARCH = YES;
				SDKROOT = iphoneos;
			};
			name = Debug;
		};
		DEE6D89D1B78E0B4002129F7 /* Release */ = {
			isa = XCBuildConfiguration;
			buildSettings = {
				ALWAYS_SEARCH_USER_PATHS = NO;
				CLANG_CXX_LANGUAGE_STANDARD = "gnu++0x";
				CLANG_CXX_LIBRARY = "libc++";
				CLANG_ENABLE_MODULES = YES;
				CLANG_ENABLE_OBJC_ARC = YES;
				CLANG_WARN_BOOL_CONVERSION = YES;
				CLANG_WARN_CONSTANT_CONVERSION = YES;
				CLANG_WARN_DIRECT_OBJC_ISA_USAGE = YES_ERROR;
				CLANG_WARN_EMPTY_BODY = YES;
				CLANG_WARN_ENUM_CONVERSION = YES;
				CLANG_WARN_INT_CONVERSION = YES;
				CLANG_WARN_OBJC_ROOT_CLASS = YES_ERROR;
				CLANG_WARN_UNREACHABLE_CODE = YES;
				CLANG_WARN__DUPLICATE_METHOD_MATCH = YES;
				"CODE_SIGN_IDENTITY[sdk=iphoneos*]" = "iPhone Developer";
				COPY_PHASE_STRIP = NO;
				DEBUG_INFORMATION_FORMAT = "dwarf-with-dsym";
				ENABLE_NS_ASSERTIONS = NO;
				ENABLE_STRICT_OBJC_MSGSEND = YES;
				GCC_C_LANGUAGE_STANDARD = gnu99;
				GCC_NO_COMMON_BLOCKS = YES;
				GCC_WARN_64_TO_32_BIT_CONVERSION = YES;
				GCC_WARN_ABOUT_RETURN_TYPE = YES_ERROR;
				GCC_WARN_UNDECLARED_SELECTOR = YES;
				GCC_WARN_UNINITIALIZED_AUTOS = YES_AGGRESSIVE;
				GCC_WARN_UNUSED_FUNCTION = YES;
				GCC_WARN_UNUSED_VARIABLE = YES;
				IPHONEOS_DEPLOYMENT_TARGET = 8.4;
				MTL_ENABLE_DEBUG_INFO = NO;
				SDKROOT = iphoneos;
				VALIDATE_PRODUCT = YES;
			};
			name = Release;
		};
		DEE6D89F1B78E0B4002129F7 /* Debug */ = {
			isa = XCBuildConfiguration;
			buildSettings = {
				ASSETCATALOG_COMPILER_APPICON_NAME = AppIcon;
				ASSETCATALOG_COMPILER_LAUNCHIMAGE_NAME = LaunchImage;
				INFOPLIST_FILE = TestDemo/Info.plist;
				IPHONEOS_DEPLOYMENT_TARGET = 7.1;
				LD_RUNPATH_SEARCH_PATHS = "$(inherited) @executable_path/Frameworks";
				PRODUCT_NAME = "$(TARGET_NAME)";
			};
			name = Debug;
		};
		DEE6D8A01B78E0B4002129F7 /* Release */ = {
			isa = XCBuildConfiguration;
			buildSettings = {
				ASSETCATALOG_COMPILER_APPICON_NAME = AppIcon;
				ASSETCATALOG_COMPILER_LAUNCHIMAGE_NAME = LaunchImage;
				INFOPLIST_FILE = TestDemo/Info.plist;
				IPHONEOS_DEPLOYMENT_TARGET = 7.1;
				LD_RUNPATH_SEARCH_PATHS = "$(inherited) @executable_path/Frameworks";
				PRODUCT_NAME = "$(TARGET_NAME)";
			};
			name = Release;
		};
		DEE6D8A21B78E0B4002129F7 /* Debug */ = {
			isa = XCBuildConfiguration;
			buildSettings = {
				BUNDLE_LOADER = "$(TEST_HOST)";
				FRAMEWORK_SEARCH_PATHS = (
					"$(SDKROOT)/Developer/Library/Frameworks",
					"$(inherited)",
				);
				GCC_PREPROCESSOR_DEFINITIONS = (
					"DEBUG=1",
					"$(inherited)",
				);
				INFOPLIST_FILE = TestDemoTests/Info.plist;
				LD_RUNPATH_SEARCH_PATHS = "$(inherited) @executable_path/Frameworks @loader_path/Frameworks";
				PRODUCT_NAME = "$(TARGET_NAME)";
				TEST_HOST = "$(BUILT_PRODUCTS_DIR)/TestDemo.app/TestDemo";
			};
			name = Debug;
		};
		DEE6D8A31B78E0B4002129F7 /* Release */ = {
			isa = XCBuildConfiguration;
			buildSettings = {
				BUNDLE_LOADER = "$(TEST_HOST)";
				FRAMEWORK_SEARCH_PATHS = (
					"$(SDKROOT)/Developer/Library/Frameworks",
					"$(inherited)",
				);
				INFOPLIST_FILE = TestDemoTests/Info.plist;
				LD_RUNPATH_SEARCH_PATHS = "$(inherited) @executable_path/Frameworks @loader_path/Frameworks";
				PRODUCT_NAME = "$(TARGET_NAME)";
				TEST_HOST = "$(BUILT_PRODUCTS_DIR)/TestDemo.app/TestDemo";
			};
			name = Release;
		};
/* End XCBuildConfiguration section */

/* Begin XCConfigurationList section */
		DEE6D8761B78E0B3002129F7 /* Build configuration list for PBXProject "TestDemo" */ = {
			isa = XCConfigurationList;
			buildConfigurations = (
				DEE6D89C1B78E0B4002129F7 /* Debug */,
				DEE6D89D1B78E0B4002129F7 /* Release */,
			);
			defaultConfigurationIsVisible = 0;
			defaultConfigurationName = Release;
		};
		DEE6D89E1B78E0B4002129F7 /* Build configuration list for PBXNativeTarget "TestDemo" */ = {
			isa = XCConfigurationList;
			buildConfigurations = (
				DEE6D89F1B78E0B4002129F7 /* Debug */,
				DEE6D8A01B78E0B4002129F7 /* Release */,
			);
			defaultConfigurationIsVisible = 0;
			defaultConfigurationName = Release;
		};
		DEE6D8A11B78E0B4002129F7 /* Build configuration list for PBXNativeTarget "TestDemoTests" */ = {
			isa = XCConfigurationList;
			buildConfigurations = (
				DEE6D8A21B78E0B4002129F7 /* Debug */,
				DEE6D8A31B78E0B4002129F7 /* Release */,
			);
			defaultConfigurationIsVisible = 0;
			defaultConfigurationName = Release;
		};
/* End XCConfigurationList section */
	};
	rootObject = DEE6D8731B78E0B3002129F7 /* Project object */;
}
